
Microsoft Visual Studio Solution File, Format Version 12.00
# Visual Studio Version 17
VisualStudioVersion = 17.5.33414.496
MinimumVisualStudioVersion = 10.0.40219.1
Project("{FAE04EC0-301F-11D3-BF4B-00C04F79EFBC}") = "array 2", "array 2.csproj", "{502EBC72-B43D-4140-BDE1-51CE3C448E61}"
EndProject
Global
	GlobalSection(SolutionConfigurationPlatforms) = preSolution
		Debug|Any CPU = Debug|Any CPU
		Release|Any CPU = Release|Any CPU
	EndGlobalSection
	GlobalSection(ProjectConfigurationPlatforms) = postSolution
		{502EBC72-B43D-4140-BDE1-51CE3C448E61}.Debug|Any CPU.ActiveCfg = Debug|Any CPU
		{502EBC72-B43D-4140-BDE1-51CE3C448E61}.Debug|Any CPU.Build.0 = Debug|Any CPU
		{502EBC72-B43D-4140-BDE1-51CE3C448E61}.Release|Any CPU.ActiveCfg = Release|Any CPU
		{502EBC72-B43D-4140-BDE1-51CE3C448E61}.Release|Any CPU.Build.0 = Release|Any CPU
	EndGlobalSection
	GlobalSection(SolutionProperties) = preSolution
		HideSolutionNode = FALSE
	EndGlobalSection
	GlobalSection(ExtensibilityGlobals) = postSolution
		SolutionGuid = {383CCF92-F370-4084-97EF-C3BE7AAE10C0}
	EndGlobalSection
EndGlobal
